<?xml version="1.0" encoding="utf-8"?>
<Project ToolsVersion="4.0" xmlns="http://schemas.microsoft.com/developer/msbuild/2003">
  <ItemGroup>
    <Filter Include="Source Files">
      <UniqueIdentifier>{4FC737F1-C7A5-4376-A066-2A32D752A2FF}</UniqueIdentifier>
      <Extensions>cpp;c;cc;cxx;def;odl;idl;hpj;bat;asm;asmx</Extensions>
    </Filter>
    <Filter Include="Header Files">
      <UniqueIdentifier>{93995380-89BD-4b04-88EB-625FBE52EBFB}</UniqueIdentifier>
      <Extensions>h;hh;hpp;hxx;hm;inl;inc;xsd</Extensions>
    </Filter>
    <Filter Include="Resource Files">
      <UniqueIdentifier>{67DA6AB6-F800-4c08-8B7A-83BB121AAD01}</UniqueIdentifier>
      <Extensions>rc;ico;cur;bmp;dlg;rc2;rct;bin;rgs;gif;jpg;jpeg;jpe;resx;tiff;tif;png;wav;mfcribbon-ms</Extensions>
    </Filter>
  </ItemGroup>
  <ItemGroup>
    <None Include="..\assert.dlg">
      <Filter>Resource Files</Filter>
    </None>
    <None Include="..\cards.rch" />
    <None Include="..\gameno.dlg">
      <Filter>Resource Files</Filter>
    </None>
    <None Include="..\makefile" />
    <None Include="..\sol.def">
      <Filter>Source Files</Filter>
    </None>
    <None Include="..\sol.dlg">
      <Filter>Resource Files</Filter>
    </None>
    <None Include="..\sol.ic3" />
    <None Include="..\soldbg.def">
      <Filter>Source Files</Filter>
    </None>
    <None Include="..\sources" />
    <None Include="..\ygy.eml" />
  </ItemGroup>
  <ItemGroup>
    <ClInclude Include="..\assert.h">
      <Filter>Header Files</Filter>
    </ClInclude>
    <ClInclude Include="..\back.h">
      <Filter>Header Files</Filter>
    </ClInclude>
    <ClInclude Include="..\cdt.h">
      <Filter>Header Files</Filter>
    </ClInclude>
    <ClInclude Include="..\col.h">
      <Filter>Header Files</Filter>
    </ClInclude>
    <ClInclude Include="..\crd.h">
      <Filter>Header Files</Filter>
    </ClInclude>
    <ClInclude Include="..\debug.h">
      <Filter>Header Files</Filter>
    </ClInclude>
    <ClInclude Include="..\game.h">
      <Filter>Header Files</Filter>
    </ClInclude>
    <ClInclude Include="..\klond.h">
      <Filter>Header Files</Filter>
    </ClInclude>
    <ClInclude Include="..\sol.h">
      <Filter>Header Files</Filter>
    </ClInclude>
    <ClInclude Include="..\soldraw.h">
      <Filter>Header Files</Filter>
    </ClInclude>
    <ClInclude Include="..\solid.h">
      <Filter>Header Files</Filter>
    </ClInclude>
    <ClInclude Include="..\stat.h">
      <Filter>Header Files</Filter>
    </ClInclude>
    <ClInclude Include="..\std.h">
      <Filter>Header Files</Filter>
    </ClInclude>
    <ClInclude Include="..\undo.h">
      <Filter>Header Files</Filter>
    </ClInclude>
    <ClInclude Include="..\ptypes16.h">
      <Filter>Header Files</Filter>
    </ClInclude>
    <ClInclude Include="..\ptypes32.h">
      <Filter>Header Files</Filter>
    </ClInclude>
    <ClInclude Include="..\port1632.h">
      <Filter>Header Files</Filter>
    </ClInclude>
    <ClInclude Include="..\pcrt32.h">
      <Filter>Header Files</Filter>
    </ClInclude>
    <ClInclude Include="..\plan32.h">
      <Filter>Header Files</Filter>
    </ClInclude>
    <ClInclude Include="..\plan16.h">
      <Filter>Header Files</Filter>
    </ClInclude>
    <ClInclude Include="..\pwin32.h">
      <Filter>Header Files</Filter>
    </ClInclude>
    <ClInclude Include="..\pwin16.h">
      <Filter>Header Files</Filter>
    </ClInclude>
  </ItemGroup>
  <ItemGroup>
    <ClCompile Include="..\back.c">
      <Filter>Source Files</Filter>
    </ClCompile>
    <ClCompile Include="..\cards.c">
      <Filter>Source Files</Filter>
    </ClCompile>
    <ClCompile Include="..\col.c">
      <Filter>Source Files</Filter>
    </ClCompile>
    <ClCompile Include="..\debug.c">
      <Filter>Source Files</Filter>
    </ClCompile>
    <ClCompile Include="..\game.c">
      <Filter>Source Files</Filter>
    </ClCompile>
    <ClCompile Include="..\klond.c">
      <Filter>Source Files</Filter>
    </ClCompile>
    <ClCompile Include="..\marq.c">
      <Filter>Source Files</Filter>
    </ClCompile>
    <ClCompile Include="..\sol.c">
      <Filter>Source Files</Filter>
    </ClCompile>
    <ClCompile Include="..\stat.c">
      <Filter>Source Files</Filter>
    </ClCompile>
    <ClCompile Include="..\undo.c">
      <Filter>Source Files</Filter>
    </ClCompile>
    <ClCompile Include="..\util.c">
      <Filter>Source Files</Filter>
    </ClCompile>
  </ItemGroup>
  <ItemGroup>
    <ResourceCompile Include="..\cards.rc">
      <Filter>Resource Files</Filter>
    </ResourceCompile>
    <ResourceCompile Include="..\sol_new.rc">
      <Filter>Resource Files</Filter>
    </ResourceCompile>
  </ItemGroup>
  <ItemGroup>
    <Text Include="..\winapp.txt" />
  </ItemGroup>
  <ItemGroup>
    <Image Include="..\Solitaire.ico">
      <Filter>Resource Files</Filter>
    </Image>
  </ItemGroup>
</Project>