
Microsoft Visual Studio Solution File, Format Version 9.00
# Visual Studio 2005
Project("{8BC9CEB8-8B4A-11D0-8D11-00A0C91BC942}") = "version", "version\version.vcproj", "{54608B42-A389-4929-9698-3E7B4474FE1F}"
EndProject
Global
	GlobalSection(SolutionConfigurationPlatforms) = preSolution
		Debug|Itanium = Debug|Itanium
		Debug|Win32 = Debug|Win32
		Debug|x64 = Debug|x64
		Release|Itanium = Release|Itanium
		Release|Win32 = Release|Win32
		Release|x64 = Release|x64
	EndGlobalSection
	GlobalSection(ProjectConfigurationPlatforms) = postSolution
		{54608B42-A389-4929-9698-3E7B4474FE1F}.Debug|Itanium.ActiveCfg = Debug|Itanium
		{54608B42-A389-4929-9698-3E7B4474FE1F}.Debug|Itanium.Build.0 = Debug|Itanium
		{54608B42-A389-4929-9698-3E7B4474FE1F}.Debug|Win32.ActiveCfg = Debug|Win32
		{54608B42-A389-4929-9698-3E7B4474FE1F}.Debug|Win32.Build.0 = Debug|Win32
		{54608B42-A389-4929-9698-3E7B4474FE1F}.Debug|x64.ActiveCfg = Debug|x64
		{54608B42-A389-4929-9698-3E7B4474FE1F}.Debug|x64.Build.0 = Debug|x64
		{54608B42-A389-4929-9698-3E7B4474FE1F}.Release|Itanium.ActiveCfg = Release|Itanium
		{54608B42-A389-4929-9698-3E7B4474FE1F}.Release|Itanium.Build.0 = Release|Itanium
		{54608B42-A389-4929-9698-3E7B4474FE1F}.Release|Win32.ActiveCfg = Release|Win32
		{54608B42-A389-4929-9698-3E7B4474FE1F}.Release|Win32.Build.0 = Release|Win32
		{54608B42-A389-4929-9698-3E7B4474FE1F}.Release|x64.ActiveCfg = Release|x64
		{54608B42-A389-4929-9698-3E7B4474FE1F}.Release|x64.Build.0 = Release|x64
	EndGlobalSection
	GlobalSection(SolutionProperties) = preSolution
		HideSolutionNode = FALSE
	EndGlobalSection
EndGlobal
