
Microsoft Visual Studio Solution File, Format Version 10.00
# Visual Studio 2008
Project("{8BC9CEB8-8B4A-11D0-8D11-00A0C91BC942}") = "winmine", "winmine\winmine.vcproj", "{2907DC5F-B5B0-4B90-AB31-FF27A1252FE5}"
EndProject
Global
	GlobalSection(SolutionConfigurationPlatforms) = preSolution
		Debug|Itanium = Debug|Itanium
		Debug|Platform Builder (_TGTCPU) = Debug|Platform Builder (_TGTCPU)
		Debug|Pocket PC 2003 (ARMV4) = Debug|Pocket PC 2003 (ARMV4)
		Debug|Smartphone 2003 (ARMV4) = Debug|Smartphone 2003 (ARMV4)
		Debug|STANDARDSDK_500 (ARMV4I) = Debug|STANDARDSDK_500 (ARMV4I)
		Debug|STANDARDSDK_500 (MIPSII) = Debug|STANDARDSDK_500 (MIPSII)
		Debug|STANDARDSDK_500 (MIPSII_FP) = Debug|STANDARDSDK_500 (MIPSII_FP)
		Debug|STANDARDSDK_500 (SH4) = Debug|STANDARDSDK_500 (SH4)
		Debug|STANDARDSDK_500 (x86) = Debug|STANDARDSDK_500 (x86)
		Debug|Win32 = Debug|Win32
		Debug|Windows Mobile 5.0 Pocket PC SDK (ARMV4I) = Debug|Windows Mobile 5.0 Pocket PC SDK (ARMV4I)
		Debug|Windows Mobile 6 Professional SDK (ARMV4I) = Debug|Windows Mobile 6 Professional SDK (ARMV4I)
		Debug|x64 = Debug|x64
		Release|Itanium = Release|Itanium
		Release|Platform Builder (_TGTCPU) = Release|Platform Builder (_TGTCPU)
		Release|Pocket PC 2003 (ARMV4) = Release|Pocket PC 2003 (ARMV4)
		Release|Smartphone 2003 (ARMV4) = Release|Smartphone 2003 (ARMV4)
		Release|STANDARDSDK_500 (ARMV4I) = Release|STANDARDSDK_500 (ARMV4I)
		Release|STANDARDSDK_500 (MIPSII) = Release|STANDARDSDK_500 (MIPSII)
		Release|STANDARDSDK_500 (MIPSII_FP) = Release|STANDARDSDK_500 (MIPSII_FP)
		Release|STANDARDSDK_500 (SH4) = Release|STANDARDSDK_500 (SH4)
		Release|STANDARDSDK_500 (x86) = Release|STANDARDSDK_500 (x86)
		Release|Win32 = Release|Win32
		Release|Windows Mobile 5.0 Pocket PC SDK (ARMV4I) = Release|Windows Mobile 5.0 Pocket PC SDK (ARMV4I)
		Release|Windows Mobile 6 Professional SDK (ARMV4I) = Release|Windows Mobile 6 Professional SDK (ARMV4I)
		Release|x64 = Release|x64
	EndGlobalSection
	GlobalSection(ProjectConfigurationPlatforms) = postSolution
		{2907DC5F-B5B0-4B90-AB31-FF27A1252FE5}.Debug|Itanium.ActiveCfg = Debug|Windows Mobile 6 Professional SDK (ARMV4I)
		{2907DC5F-B5B0-4B90-AB31-FF27A1252FE5}.Debug|Platform Builder (_TGTCPU).ActiveCfg = Debug|Platform Builder (_TGTCPU)
		{2907DC5F-B5B0-4B90-AB31-FF27A1252FE5}.Debug|Platform Builder (_TGTCPU).Build.0 = Debug|Platform Builder (_TGTCPU)
		{2907DC5F-B5B0-4B90-AB31-FF27A1252FE5}.Debug|Platform Builder (_TGTCPU).Deploy.0 = Debug|Platform Builder (_TGTCPU)
		{2907DC5F-B5B0-4B90-AB31-FF27A1252FE5}.Debug|Pocket PC 2003 (ARMV4).ActiveCfg = Debug|Pocket PC 2003 (ARMV4)
		{2907DC5F-B5B0-4B90-AB31-FF27A1252FE5}.Debug|Pocket PC 2003 (ARMV4).Build.0 = Debug|Pocket PC 2003 (ARMV4)
		{2907DC5F-B5B0-4B90-AB31-FF27A1252FE5}.Debug|Pocket PC 2003 (ARMV4).Deploy.0 = Debug|Pocket PC 2003 (ARMV4)
		{2907DC5F-B5B0-4B90-AB31-FF27A1252FE5}.Debug|Smartphone 2003 (ARMV4).ActiveCfg = Debug|Smartphone 2003 (ARMV4)
		{2907DC5F-B5B0-4B90-AB31-FF27A1252FE5}.Debug|Smartphone 2003 (ARMV4).Build.0 = Debug|Smartphone 2003 (ARMV4)
		{2907DC5F-B5B0-4B90-AB31-FF27A1252FE5}.Debug|Smartphone 2003 (ARMV4).Deploy.0 = Debug|Smartphone 2003 (ARMV4)
		{2907DC5F-B5B0-4B90-AB31-FF27A1252FE5}.Debug|STANDARDSDK_500 (ARMV4I).ActiveCfg = Debug|STANDARDSDK_500 (ARMV4I)
		{2907DC5F-B5B0-4B90-AB31-FF27A1252FE5}.Debug|STANDARDSDK_500 (ARMV4I).Build.0 = Debug|STANDARDSDK_500 (ARMV4I)
		{2907DC5F-B5B0-4B90-AB31-FF27A1252FE5}.Debug|STANDARDSDK_500 (ARMV4I).Deploy.0 = Debug|STANDARDSDK_500 (ARMV4I)
		{2907DC5F-B5B0-4B90-AB31-FF27A1252FE5}.Debug|STANDARDSDK_500 (MIPSII).ActiveCfg = Debug|STANDARDSDK_500 (MIPSII)
		{2907DC5F-B5B0-4B90-AB31-FF27A1252FE5}.Debug|STANDARDSDK_500 (MIPSII).Build.0 = Debug|STANDARDSDK_500 (MIPSII)
		{2907DC5F-B5B0-4B90-AB31-FF27A1252FE5}.Debug|STANDARDSDK_500 (MIPSII).Deploy.0 = Debug|STANDARDSDK_500 (MIPSII)
		{2907DC5F-B5B0-4B90-AB31-FF27A1252FE5}.Debug|STANDARDSDK_500 (MIPSII_FP).ActiveCfg = Debug|STANDARDSDK_500 (MIPSII_FP)
		{2907DC5F-B5B0-4B90-AB31-FF27A1252FE5}.Debug|STANDARDSDK_500 (MIPSII_FP).Build.0 = Debug|STANDARDSDK_500 (MIPSII_FP)
		{2907DC5F-B5B0-4B90-AB31-FF27A1252FE5}.Debug|STANDARDSDK_500 (MIPSII_FP).Deploy.0 = Debug|STANDARDSDK_500 (MIPSII_FP)
		{2907DC5F-B5B0-4B90-AB31-FF27A1252FE5}.Debug|STANDARDSDK_500 (SH4).ActiveCfg = Debug|STANDARDSDK_500 (SH4)
		{2907DC5F-B5B0-4B90-AB31-FF27A1252FE5}.Debug|STANDARDSDK_500 (SH4).Build.0 = Debug|STANDARDSDK_500 (SH4)
		{2907DC5F-B5B0-4B90-AB31-FF27A1252FE5}.Debug|STANDARDSDK_500 (SH4).Deploy.0 = Debug|STANDARDSDK_500 (SH4)
		{2907DC5F-B5B0-4B90-AB31-FF27A1252FE5}.Debug|STANDARDSDK_500 (x86).ActiveCfg = Debug|STANDARDSDK_500 (x86)
		{2907DC5F-B5B0-4B90-AB31-FF27A1252FE5}.Debug|STANDARDSDK_500 (x86).Build.0 = Debug|STANDARDSDK_500 (x86)
		{2907DC5F-B5B0-4B90-AB31-FF27A1252FE5}.Debug|STANDARDSDK_500 (x86).Deploy.0 = Debug|STANDARDSDK_500 (x86)
		{2907DC5F-B5B0-4B90-AB31-FF27A1252FE5}.Debug|Win32.ActiveCfg = Debug|Win32
		{2907DC5F-B5B0-4B90-AB31-FF27A1252FE5}.Debug|Win32.Build.0 = Debug|Win32
		{2907DC5F-B5B0-4B90-AB31-FF27A1252FE5}.Debug|Windows Mobile 5.0 Pocket PC SDK (ARMV4I).ActiveCfg = Debug|Windows Mobile 5.0 Pocket PC SDK (ARMV4I)
		{2907DC5F-B5B0-4B90-AB31-FF27A1252FE5}.Debug|Windows Mobile 5.0 Pocket PC SDK (ARMV4I).Build.0 = Debug|Windows Mobile 5.0 Pocket PC SDK (ARMV4I)
		{2907DC5F-B5B0-4B90-AB31-FF27A1252FE5}.Debug|Windows Mobile 5.0 Pocket PC SDK (ARMV4I).Deploy.0 = Debug|Windows Mobile 5.0 Pocket PC SDK (ARMV4I)
		{2907DC5F-B5B0-4B90-AB31-FF27A1252FE5}.Debug|Windows Mobile 6 Professional SDK (ARMV4I).ActiveCfg = Debug|Windows Mobile 6 Professional SDK (ARMV4I)
		{2907DC5F-B5B0-4B90-AB31-FF27A1252FE5}.Debug|Windows Mobile 6 Professional SDK (ARMV4I).Build.0 = Debug|Windows Mobile 6 Professional SDK (ARMV4I)
		{2907DC5F-B5B0-4B90-AB31-FF27A1252FE5}.Debug|Windows Mobile 6 Professional SDK (ARMV4I).Deploy.0 = Debug|Windows Mobile 6 Professional SDK (ARMV4I)
		{2907DC5F-B5B0-4B90-AB31-FF27A1252FE5}.Debug|x64.ActiveCfg = Debug|x64
		{2907DC5F-B5B0-4B90-AB31-FF27A1252FE5}.Debug|x64.Build.0 = Debug|x64
		{2907DC5F-B5B0-4B90-AB31-FF27A1252FE5}.Release|Itanium.ActiveCfg = Release|Windows Mobile 6 Professional SDK (ARMV4I)
		{2907DC5F-B5B0-4B90-AB31-FF27A1252FE5}.Release|Platform Builder (_TGTCPU).ActiveCfg = Release|Platform Builder (_TGTCPU)
		{2907DC5F-B5B0-4B90-AB31-FF27A1252FE5}.Release|Platform Builder (_TGTCPU).Build.0 = Release|Platform Builder (_TGTCPU)
		{2907DC5F-B5B0-4B90-AB31-FF27A1252FE5}.Release|Platform Builder (_TGTCPU).Deploy.0 = Release|Platform Builder (_TGTCPU)
		{2907DC5F-B5B0-4B90-AB31-FF27A1252FE5}.Release|Pocket PC 2003 (ARMV4).ActiveCfg = Release|Pocket PC 2003 (ARMV4)
		{2907DC5F-B5B0-4B90-AB31-FF27A1252FE5}.Release|Pocket PC 2003 (ARMV4).Build.0 = Release|Pocket PC 2003 (ARMV4)
		{2907DC5F-B5B0-4B90-AB31-FF27A1252FE5}.Release|Pocket PC 2003 (ARMV4).Deploy.0 = Release|Pocket PC 2003 (ARMV4)
		{2907DC5F-B5B0-4B90-AB31-FF27A1252FE5}.Release|Smartphone 2003 (ARMV4).ActiveCfg = Release|Smartphone 2003 (ARMV4)
		{2907DC5F-B5B0-4B90-AB31-FF27A1252FE5}.Release|Smartphone 2003 (ARMV4).Build.0 = Release|Smartphone 2003 (ARMV4)
		{2907DC5F-B5B0-4B90-AB31-FF27A1252FE5}.Release|Smartphone 2003 (ARMV4).Deploy.0 = Release|Smartphone 2003 (ARMV4)
		{2907DC5F-B5B0-4B90-AB31-FF27A1252FE5}.Release|STANDARDSDK_500 (ARMV4I).ActiveCfg = Release|STANDARDSDK_500 (ARMV4I)
		{2907DC5F-B5B0-4B90-AB31-FF27A1252FE5}.Release|STANDARDSDK_500 (ARMV4I).Build.0 = Release|STANDARDSDK_500 (ARMV4I)
		{2907DC5F-B5B0-4B90-AB31-FF27A1252FE5}.Release|STANDARDSDK_500 (ARMV4I).Deploy.0 = Release|STANDARDSDK_500 (ARMV4I)
		{2907DC5F-B5B0-4B90-AB31-FF27A1252FE5}.Release|STANDARDSDK_500 (MIPSII).ActiveCfg = Release|STANDARDSDK_500 (MIPSII)
		{2907DC5F-B5B0-4B90-AB31-FF27A1252FE5}.Release|STANDARDSDK_500 (MIPSII).Build.0 = Release|STANDARDSDK_500 (MIPSII)
		{2907DC5F-B5B0-4B90-AB31-FF27A1252FE5}.Release|STANDARDSDK_500 (MIPSII).Deploy.0 = Release|STANDARDSDK_500 (MIPSII)
		{2907DC5F-B5B0-4B90-AB31-FF27A1252FE5}.Release|STANDARDSDK_500 (MIPSII_FP).ActiveCfg = Release|STANDARDSDK_500 (MIPSII_FP)
		{2907DC5F-B5B0-4B90-AB31-FF27A1252FE5}.Release|STANDARDSDK_500 (MIPSII_FP).Build.0 = Release|STANDARDSDK_500 (MIPSII_FP)
		{2907DC5F-B5B0-4B90-AB31-FF27A1252FE5}.Release|STANDARDSDK_500 (MIPSII_FP).Deploy.0 = Release|STANDARDSDK_500 (MIPSII_FP)
		{2907DC5F-B5B0-4B90-AB31-FF27A1252FE5}.Release|STANDARDSDK_500 (SH4).ActiveCfg = Release|STANDARDSDK_500 (SH4)
		{2907DC5F-B5B0-4B90-AB31-FF27A1252FE5}.Release|STANDARDSDK_500 (SH4).Build.0 = Release|STANDARDSDK_500 (SH4)
		{2907DC5F-B5B0-4B90-AB31-FF27A1252FE5}.Release|STANDARDSDK_500 (SH4).Deploy.0 = Release|STANDARDSDK_500 (SH4)
		{2907DC5F-B5B0-4B90-AB31-FF27A1252FE5}.Release|STANDARDSDK_500 (x86).ActiveCfg = Release|STANDARDSDK_500 (x86)
		{2907DC5F-B5B0-4B90-AB31-FF27A1252FE5}.Release|STANDARDSDK_500 (x86).Build.0 = Release|STANDARDSDK_500 (x86)
		{2907DC5F-B5B0-4B90-AB31-FF27A1252FE5}.Release|STANDARDSDK_500 (x86).Deploy.0 = Release|STANDARDSDK_500 (x86)
		{2907DC5F-B5B0-4B90-AB31-FF27A1252FE5}.Release|Win32.ActiveCfg = Release|Win32
		{2907DC5F-B5B0-4B90-AB31-FF27A1252FE5}.Release|Win32.Build.0 = Release|Win32
		{2907DC5F-B5B0-4B90-AB31-FF27A1252FE5}.Release|Windows Mobile 5.0 Pocket PC SDK (ARMV4I).ActiveCfg = Release|Windows Mobile 5.0 Pocket PC SDK (ARMV4I)
		{2907DC5F-B5B0-4B90-AB31-FF27A1252FE5}.Release|Windows Mobile 5.0 Pocket PC SDK (ARMV4I).Build.0 = Release|Windows Mobile 5.0 Pocket PC SDK (ARMV4I)
		{2907DC5F-B5B0-4B90-AB31-FF27A1252FE5}.Release|Windows Mobile 5.0 Pocket PC SDK (ARMV4I).Deploy.0 = Release|Windows Mobile 5.0 Pocket PC SDK (ARMV4I)
		{2907DC5F-B5B0-4B90-AB31-FF27A1252FE5}.Release|Windows Mobile 6 Professional SDK (ARMV4I).ActiveCfg = Release|Windows Mobile 6 Professional SDK (ARMV4I)
		{2907DC5F-B5B0-4B90-AB31-FF27A1252FE5}.Release|Windows Mobile 6 Professional SDK (ARMV4I).Build.0 = Release|Windows Mobile 6 Professional SDK (ARMV4I)
		{2907DC5F-B5B0-4B90-AB31-FF27A1252FE5}.Release|Windows Mobile 6 Professional SDK (ARMV4I).Deploy.0 = Release|Windows Mobile 6 Professional SDK (ARMV4I)
		{2907DC5F-B5B0-4B90-AB31-FF27A1252FE5}.Release|x64.ActiveCfg = Release|x64
		{2907DC5F-B5B0-4B90-AB31-FF27A1252FE5}.Release|x64.Build.0 = Release|x64
	EndGlobalSection
	GlobalSection(SolutionProperties) = preSolution
		HideSolutionNode = FALSE
	EndGlobalSection
EndGlobal
