
Microsoft Visual Studio Solution File, Format Version 10.00
# Visual Studio 2008
Project("{059D6162-CD51-11D0-AE1F-00A0C90FFFC3}") = "MSHearts", "MSHearts.dsp", "{C749CCFD-5CF0-4198-8B5C-D469EA785876}"
EndProject
Global
	GlobalSection(SolutionProperties) = preSolution
		HideSolutionNode = FALSE
	EndGlobalSection
EndGlobal
