<?xml version="1.0" encoding="utf-8"?>
<Project ToolsVersion="4.0" xmlns="http://schemas.microsoft.com/developer/msbuild/2003">
  <ItemGroup>
    <Filter Include="Source Files">
      <UniqueIdentifier>{4FC737F1-C7A5-4376-A066-2A32D752A2FF}</UniqueIdentifier>
      <Extensions>cpp;c;cc;cxx;def;odl;idl;hpj;bat;asm;asmx</Extensions>
    </Filter>
    <Filter Include="Header Files">
      <UniqueIdentifier>{93995380-89BD-4b04-88EB-625FBE52EBFB}</UniqueIdentifier>
      <Extensions>h;hh;hpp;hxx;hm;inl;inc;xsd</Extensions>
    </Filter>
    <Filter Include="Resource Files">
      <UniqueIdentifier>{67DA6AB6-F800-4c08-8B7A-83BB121AAD01}</UniqueIdentifier>
      <Extensions>rc;ico;cur;bmp;dlg;rc2;rct;bin;rgs;gif;jpg;jpeg;jpe;resx;tiff;tif;png;wav;mfcribbon-ms</Extensions>
    </Filter>
  </ItemGroup>
  <ItemGroup>
    <None Include="..\..\hearts.dlg">
      <Filter>Resource Files</Filter>
    </None>
    <None Include="..\..\hearts.manifest">
      <Filter>Resource Files</Filter>
    </None>
    <None Include="..\..\timpani.wav" />
    <None Include="..\..\quote2.wav" />
    <None Include="..\..\glass.wav" />
    <None Include="..\..\makefile" />
    <None Include="..\..\bmp" />
    <None Include="..\..\mshearts.chm" />
  </ItemGroup>
  <ItemGroup>
    <ClInclude Include="..\..\std.h">
      <Filter>Header Files</Filter>
    </ClInclude>
    <ClInclude Include="..\..\hearts.h">
      <Filter>Header Files</Filter>
    </ClInclude>
    <ClInclude Include="..\..\pwin32.h">
      <Filter>Header Files</Filter>
    </ClInclude>
    <ClInclude Include="..\..\pwin16.h">
      <Filter>Header Files</Filter>
    </ClInclude>
    <ClInclude Include="..\..\ptypes32.h">
      <Filter>Header Files</Filter>
    </ClInclude>
    <ClInclude Include="..\..\ptypes16.h">
      <Filter>Header Files</Filter>
    </ClInclude>
    <ClInclude Include="..\..\port1632.h">
      <Filter>Header Files</Filter>
    </ClInclude>
    <ClInclude Include="..\..\plan16.h">
      <Filter>Header Files</Filter>
    </ClInclude>
    <ClInclude Include="..\..\plan32.h">
      <Filter>Header Files</Filter>
    </ClInclude>
    <ClInclude Include="..\..\pcrt32.h">
      <Filter>Header Files</Filter>
    </ClInclude>
    <ClInclude Include="..\..\nddeapi.h">
      <Filter>Header Files</Filter>
    </ClInclude>
    <ClInclude Include="..\..\cdt.h">
      <Filter>Header Files</Filter>
    </ClInclude>
    <ClInclude Include="..\..\player.h">
      <Filter>Header Files</Filter>
    </ClInclude>
    <ClInclude Include="..\..\main.h">
      <Filter>Header Files</Filter>
    </ClInclude>
    <ClInclude Include="..\..\helpnum.h">
      <Filter>Header Files</Filter>
    </ClInclude>
    <ClInclude Include="..\..\dlg.h">
      <Filter>Header Files</Filter>
    </ClInclude>
    <ClInclude Include="..\..\debug.h">
      <Filter>Header Files</Filter>
    </ClInclude>
    <ClInclude Include="..\..\dde.h">
      <Filter>Header Files</Filter>
    </ClInclude>
    <ClInclude Include="..\..\computer.h">
      <Filter>Header Files</Filter>
    </ClInclude>
    <ClInclude Include="..\..\cards.h">
      <Filter>Header Files</Filter>
    </ClInclude>
    <ClInclude Include="..\..\card.h">
      <Filter>Header Files</Filter>
    </ClInclude>
  </ItemGroup>
  <ItemGroup>
    <Image Include="..\..\hearts.ico">
      <Filter>Resource Files</Filter>
    </Image>
  </ItemGroup>
  <ItemGroup>
    <ResourceCompile Include="..\..\hearts.rc">
      <Filter>Resource Files</Filter>
    </ResourceCompile>
    <ResourceCompile Include="..\..\cards.rc">
      <Filter>Resource Files</Filter>
    </ResourceCompile>
  </ItemGroup>
  <ItemGroup>
    <ClCompile Include="..\..\card.cpp">
      <Filter>Source Files</Filter>
    </ClCompile>
    <ClCompile Include="..\..\cards.c">
      <Filter>Source Files</Filter>
    </ClCompile>
    <ClCompile Include="..\..\comp2.cpp">
      <Filter>Source Files</Filter>
    </ClCompile>
    <ClCompile Include="..\..\computer.cpp">
      <Filter>Source Files</Filter>
    </ClCompile>
    <ClCompile Include="..\..\dde.cpp">
      <Filter>Source Files</Filter>
    </ClCompile>
    <ClCompile Include="..\..\ddecb.cpp">
      <Filter>Source Files</Filter>
    </ClCompile>
    <ClCompile Include="..\..\dlg.cpp">
      <Filter>Source Files</Filter>
    </ClCompile>
    <ClCompile Include="..\..\hearts.cpp">
      <Filter>Source Files</Filter>
    </ClCompile>
    <ClCompile Include="..\..\human.cpp">
      <Filter>Source Files</Filter>
    </ClCompile>
    <ClCompile Include="..\..\lead.cpp">
      <Filter>Source Files</Filter>
    </ClCompile>
    <ClCompile Include="..\..\main.cpp">
      <Filter>Source Files</Filter>
    </ClCompile>
    <ClCompile Include="..\..\main2.cpp">
      <Filter>Source Files</Filter>
    </ClCompile>
    <ClCompile Include="..\..\player.cpp">
      <Filter>Source Files</Filter>
    </ClCompile>
    <ClCompile Include="..\..\sound.cpp">
      <Filter>Source Files</Filter>
    </ClCompile>
    <ClCompile Include="..\..\welcome.cpp">
      <Filter>Source Files</Filter>
    </ClCompile>
  </ItemGroup>
</Project>
